
Microsoft Visual Studio Solution File, Format Version 12.00
# Visual Studio 15
VisualStudioVersion = 15.0.28307.572
MinimumVisualStudioVersion = 10.0.40219.1
Project("{FAE04EC0-301F-11D3-BF4B-00C04F79EFBC}") = "Taskio.Android", "Taskio\Taskio.Android\Taskio.Android.csproj", "{1B1C2E36-BDF3-41D9-AAE8-02CE3FF71C5D}"
EndProject
Project("{FAE04EC0-301F-11D3-BF4B-00C04F79EFBC}") = "Taskio", "Taskio\Taskio\Taskio.csproj", "{DD69BE1F-27B4-469A-BA82-928000050B4A}"
EndProject
Global
	GlobalSection(SolutionConfigurationPlatforms) = preSolution
		Debug|Any CPU = Debug|Any CPU
		Release|Any CPU = Release|Any CPU
	EndGlobalSection
	GlobalSection(ProjectConfigurationPlatforms) = postSolution
		{1B1C2E36-BDF3-41D9-AAE8-02CE3FF71C5D}.Debug|Any CPU.ActiveCfg = Debug|Any CPU
		{1B1C2E36-BDF3-41D9-AAE8-02CE3FF71C5D}.Debug|Any CPU.Build.0 = Debug|Any CPU
		{1B1C2E36-BDF3-41D9-AAE8-02CE3FF71C5D}.Debug|Any CPU.Deploy.0 = Debug|Any CPU
		{1B1C2E36-BDF3-41D9-AAE8-02CE3FF71C5D}.Release|Any CPU.ActiveCfg = Release|Any CPU
		{1B1C2E36-BDF3-41D9-AAE8-02CE3FF71C5D}.Release|Any CPU.Build.0 = Release|Any CPU
		{1B1C2E36-BDF3-41D9-AAE8-02CE3FF71C5D}.Release|Any CPU.Deploy.0 = Release|Any CPU
		{DD69BE1F-27B4-469A-BA82-928000050B4A}.Debug|Any CPU.ActiveCfg = Debug|Any CPU
		{DD69BE1F-27B4-469A-BA82-928000050B4A}.Debug|Any CPU.Build.0 = Debug|Any CPU
		{DD69BE1F-27B4-469A-BA82-928000050B4A}.Release|Any CPU.ActiveCfg = Release|Any CPU
		{DD69BE1F-27B4-469A-BA82-928000050B4A}.Release|Any CPU.Build.0 = Release|Any CPU
	EndGlobalSection
	GlobalSection(SolutionProperties) = preSolution
		HideSolutionNode = FALSE
	EndGlobalSection
	GlobalSection(ExtensibilityGlobals) = postSolution
		SolutionGuid = {4C040A5F-A552-4414-B7C6-7DB426575EBD}
	EndGlobalSection
EndGlobal
